
Microsoft Visual Studio Solution File, Format Version 12.00
# Visual Studio Version 17
VisualStudioVersion = 17.6.33801.468
MinimumVisualStudioVersion = 10.0.40219.1
Project("{FAE04EC0-301F-11D3-BF4B-00C04F79EFBC}") = "Core", "Core\Core.csproj", "{205F9D33-8284-43D1-BD35-BB11A9FA2310}"
EndProject
Project("{FAE04EC0-301F-11D3-BF4B-00C04F79EFBC}") = "UI.WinForms", "UI.WinForms\UI.WinForms.csproj", "{C822E66C-B8D8-42FD-B6DA-4E507CD9D2F0}"
EndProject
Global
	GlobalSection(SolutionConfigurationPlatforms) = preSolution
		Debug|Any CPU = Debug|Any CPU
		Release|Any CPU = Release|Any CPU
	EndGlobalSection
	GlobalSection(ProjectConfigurationPlatforms) = postSolution
		{205F9D33-8284-43D1-BD35-BB11A9FA2310}.Debug|Any CPU.ActiveCfg = Debug|Any CPU
		{205F9D33-8284-43D1-BD35-BB11A9FA2310}.Debug|Any CPU.Build.0 = Debug|Any CPU
		{205F9D33-8284-43D1-BD35-BB11A9FA2310}.Release|Any CPU.ActiveCfg = Release|Any CPU
		{205F9D33-8284-43D1-BD35-BB11A9FA2310}.Release|Any CPU.Build.0 = Release|Any CPU
		{C822E66C-B8D8-42FD-B6DA-4E507CD9D2F0}.Debug|Any CPU.ActiveCfg = Debug|Any CPU
		{C822E66C-B8D8-42FD-B6DA-4E507CD9D2F0}.Debug|Any CPU.Build.0 = Debug|Any CPU
		{C822E66C-B8D8-42FD-B6DA-4E507CD9D2F0}.Release|Any CPU.ActiveCfg = Release|Any CPU
		{C822E66C-B8D8-42FD-B6DA-4E507CD9D2F0}.Release|Any CPU.Build.0 = Release|Any CPU
	EndGlobalSection
	GlobalSection(SolutionProperties) = preSolution
		HideSolutionNode = FALSE
	EndGlobalSection
	GlobalSection(ExtensibilityGlobals) = postSolution
		SolutionGuid = {C88A5DF4-F3FE-4262-B08D-BC170F38EDFC}
	EndGlobalSection
EndGlobal
